
Microsoft Visual Studio Solution File, Format Version 12.00
# Visual Studio Version 17
VisualStudioVersion = 17.4.33403.182
MinimumVisualStudioVersion = 10.0.40219.1
Project("{FAE04EC0-301F-11D3-BF4B-00C04F79EFBC}") = "Iskola", "Iskola\Iskola.csproj", "{21CEDA73-1E0C-4D60-9CE0-08E78EA3929B}"
EndProject
Global
	GlobalSection(SolutionConfigurationPlatforms) = preSolution
		Debug|Any CPU = Debug|Any CPU
		Release|Any CPU = Release|Any CPU
	EndGlobalSection
	GlobalSection(ProjectConfigurationPlatforms) = postSolution
		{21CEDA73-1E0C-4D60-9CE0-08E78EA3929B}.Debug|Any CPU.ActiveCfg = Debug|Any CPU
		{21CEDA73-1E0C-4D60-9CE0-08E78EA3929B}.Debug|Any CPU.Build.0 = Debug|Any CPU
		{21CEDA73-1E0C-4D60-9CE0-08E78EA3929B}.Release|Any CPU.ActiveCfg = Release|Any CPU
		{21CEDA73-1E0C-4D60-9CE0-08E78EA3929B}.Release|Any CPU.Build.0 = Release|Any CPU
	EndGlobalSection
	GlobalSection(SolutionProperties) = preSolution
		HideSolutionNode = FALSE
	EndGlobalSection
	GlobalSection(ExtensibilityGlobals) = postSolution
		SolutionGuid = {C6066FA4-373D-4DDD-B4F2-03272B38B20B}
	EndGlobalSection
EndGlobal
